
Microsoft Visual Studio Solution File, Format Version 12.00
# Visual Studio Version 17
VisualStudioVersion = 17.10.34916.146
MinimumVisualStudioVersion = 10.0.40219.1
Project("{2150E333-8FDC-42A3-9474-1A3956D46DE8}") = "Services", "Services", "{853ECB64-785C-4149-8F66-302CF4C55833}"
EndProject
Project("{2150E333-8FDC-42A3-9474-1A3956D46DE8}") = "Catalog", "Catalog", "{BEE73E06-CEF7-497E-802F-0247A2FB5ED9}"
EndProject
Project("{9A19103F-16F7-4668-BE54-9A1E7A4F7556}") = "Catalog.API", "Services\Catalog\Catalog.API\Catalog.API.csproj", "{758CA7AE-3D27-4928-B11B-C16A17ACAFE1}"
EndProject
Project("{2150E333-8FDC-42A3-9474-1A3956D46DE8}") = "Ordering", "Ordering", "{D6E52F69-1AC0-40C2-BD4E-FCF4323EF4D0}"
EndProject
Project("{9A19103F-16F7-4668-BE54-9A1E7A4F7556}") = "Ordering.API", "Services\Ordering\Ordering.API\Ordering.API.csproj", "{133C99AB-9C37-4A0C-B5CA-A286BFA9E2CB}"
EndProject
Project("{9A19103F-16F7-4668-BE54-9A1E7A4F7556}") = "Ordering.Domain", "Services\Ordering\Ordering.Domain\Ordering.Domain.csproj", "{109E8A73-6DD1-4711-A4D3-A5F83ED37A86}"
EndProject
Project("{9A19103F-16F7-4668-BE54-9A1E7A4F7556}") = "Ordering.Application", "Services\Ordering\Ordering.Application\Ordering.Application.csproj", "{3099B672-7A75-40C0-ACE3-1929D3C71091}"
EndProject
Project("{9A19103F-16F7-4668-BE54-9A1E7A4F7556}") = "Ordering.Infrastructure", "Ordering.Infrastructure\Ordering.Infrastructure.csproj", "{3E59EE7B-E644-4045-BB9F-93FF4097F9F3}"
EndProject
Project("{2150E333-8FDC-42A3-9474-1A3956D46DE8}") = "BuildingBlocks", "BuildingBlocks", "{E8DE5F37-EB96-4524-9234-94835333C56B}"
EndProject
Project("{9A19103F-16F7-4668-BE54-9A1E7A4F7556}") = "BuildingBlocks", "BuildingBlocks\BuildingBlocks\BuildingBlocks.csproj", "{4D18D5E5-55E6-4EB6-96DA-DA015A36EE70}"
EndProject
Project("{E53339B2-1760-4266-BCC7-CA923CBCF16C}") = "docker-compose", "docker-compose.dcproj", "{9DC6B3BD-071C-4C95-B7A8-E5F131F83BB8}"
EndProject
Global
	GlobalSection(SolutionConfigurationPlatforms) = preSolution
		Debug|Any CPU = Debug|Any CPU
		Release|Any CPU = Release|Any CPU
	EndGlobalSection
	GlobalSection(ProjectConfigurationPlatforms) = postSolution
		{758CA7AE-3D27-4928-B11B-C16A17ACAFE1}.Debug|Any CPU.ActiveCfg = Debug|Any CPU
		{758CA7AE-3D27-4928-B11B-C16A17ACAFE1}.Debug|Any CPU.Build.0 = Debug|Any CPU
		{758CA7AE-3D27-4928-B11B-C16A17ACAFE1}.Release|Any CPU.ActiveCfg = Release|Any CPU
		{758CA7AE-3D27-4928-B11B-C16A17ACAFE1}.Release|Any CPU.Build.0 = Release|Any CPU
		{133C99AB-9C37-4A0C-B5CA-A286BFA9E2CB}.Debug|Any CPU.ActiveCfg = Debug|Any CPU
		{133C99AB-9C37-4A0C-B5CA-A286BFA9E2CB}.Debug|Any CPU.Build.0 = Debug|Any CPU
		{133C99AB-9C37-4A0C-B5CA-A286BFA9E2CB}.Release|Any CPU.ActiveCfg = Release|Any CPU
		{133C99AB-9C37-4A0C-B5CA-A286BFA9E2CB}.Release|Any CPU.Build.0 = Release|Any CPU
		{109E8A73-6DD1-4711-A4D3-A5F83ED37A86}.Debug|Any CPU.ActiveCfg = Debug|Any CPU
		{109E8A73-6DD1-4711-A4D3-A5F83ED37A86}.Debug|Any CPU.Build.0 = Debug|Any CPU
		{109E8A73-6DD1-4711-A4D3-A5F83ED37A86}.Release|Any CPU.ActiveCfg = Release|Any CPU
		{109E8A73-6DD1-4711-A4D3-A5F83ED37A86}.Release|Any CPU.Build.0 = Release|Any CPU
		{3099B672-7A75-40C0-ACE3-1929D3C71091}.Debug|Any CPU.ActiveCfg = Debug|Any CPU
		{3099B672-7A75-40C0-ACE3-1929D3C71091}.Debug|Any CPU.Build.0 = Debug|Any CPU
		{3099B672-7A75-40C0-ACE3-1929D3C71091}.Release|Any CPU.ActiveCfg = Release|Any CPU
		{3099B672-7A75-40C0-ACE3-1929D3C71091}.Release|Any CPU.Build.0 = Release|Any CPU
		{3E59EE7B-E644-4045-BB9F-93FF4097F9F3}.Debug|Any CPU.ActiveCfg = Debug|Any CPU
		{3E59EE7B-E644-4045-BB9F-93FF4097F9F3}.Debug|Any CPU.Build.0 = Debug|Any CPU
		{3E59EE7B-E644-4045-BB9F-93FF4097F9F3}.Release|Any CPU.ActiveCfg = Release|Any CPU
		{3E59EE7B-E644-4045-BB9F-93FF4097F9F3}.Release|Any CPU.Build.0 = Release|Any CPU
		{4D18D5E5-55E6-4EB6-96DA-DA015A36EE70}.Debug|Any CPU.ActiveCfg = Debug|Any CPU
		{4D18D5E5-55E6-4EB6-96DA-DA015A36EE70}.Debug|Any CPU.Build.0 = Debug|Any CPU
		{4D18D5E5-55E6-4EB6-96DA-DA015A36EE70}.Release|Any CPU.ActiveCfg = Release|Any CPU
		{4D18D5E5-55E6-4EB6-96DA-DA015A36EE70}.Release|Any CPU.Build.0 = Release|Any CPU
		{9DC6B3BD-071C-4C95-B7A8-E5F131F83BB8}.Debug|Any CPU.ActiveCfg = Debug|Any CPU
		{9DC6B3BD-071C-4C95-B7A8-E5F131F83BB8}.Debug|Any CPU.Build.0 = Debug|Any CPU
		{9DC6B3BD-071C-4C95-B7A8-E5F131F83BB8}.Release|Any CPU.ActiveCfg = Release|Any CPU
		{9DC6B3BD-071C-4C95-B7A8-E5F131F83BB8}.Release|Any CPU.Build.0 = Release|Any CPU
	EndGlobalSection
	GlobalSection(SolutionProperties) = preSolution
		HideSolutionNode = FALSE
	EndGlobalSection
	GlobalSection(NestedProjects) = preSolution
		{BEE73E06-CEF7-497E-802F-0247A2FB5ED9} = {853ECB64-785C-4149-8F66-302CF4C55833}
		{758CA7AE-3D27-4928-B11B-C16A17ACAFE1} = {BEE73E06-CEF7-497E-802F-0247A2FB5ED9}
		{D6E52F69-1AC0-40C2-BD4E-FCF4323EF4D0} = {853ECB64-785C-4149-8F66-302CF4C55833}
		{133C99AB-9C37-4A0C-B5CA-A286BFA9E2CB} = {D6E52F69-1AC0-40C2-BD4E-FCF4323EF4D0}
		{109E8A73-6DD1-4711-A4D3-A5F83ED37A86} = {D6E52F69-1AC0-40C2-BD4E-FCF4323EF4D0}
		{3099B672-7A75-40C0-ACE3-1929D3C71091} = {D6E52F69-1AC0-40C2-BD4E-FCF4323EF4D0}
		{3E59EE7B-E644-4045-BB9F-93FF4097F9F3} = {D6E52F69-1AC0-40C2-BD4E-FCF4323EF4D0}
		{4D18D5E5-55E6-4EB6-96DA-DA015A36EE70} = {E8DE5F37-EB96-4524-9234-94835333C56B}
	EndGlobalSection
	GlobalSection(ExtensibilityGlobals) = postSolution
		SolutionGuid = {DBEEB4D8-1D2F-47F5-91D4-2B12E3A00185}
	EndGlobalSection
EndGlobal
